
Microsoft Visual Studio Solution File, Format Version 12.00
# Visual Studio Version 17
VisualStudioVersion = 17.10.35201.131
MinimumVisualStudioVersion = 10.0.40219.1
Project("{9A19103F-16F7-4668-BE54-9A1E7A4F7556}") = "ProxySharp", "ProxySharp\ProxySharp.csproj", "{AC15A3DD-EE75-4BE2-9696-81F9005E4823}"
EndProject
Project("{9A19103F-16F7-4668-BE54-9A1E7A4F7556}") = "ActionTests", "ProxySharp.Tests\ActionTests.csproj", "{84B26565-8EF9-4380-8B04-D6A645E1A686}"
EndProject
Global
	GlobalSection(SolutionConfigurationPlatforms) = preSolution
		Debug|Any CPU = Debug|Any CPU
		Release|Any CPU = Release|Any CPU
	EndGlobalSection
	GlobalSection(ProjectConfigurationPlatforms) = postSolution
		{AC15A3DD-EE75-4BE2-9696-81F9005E4823}.Debug|Any CPU.ActiveCfg = Debug|Any CPU
		{AC15A3DD-EE75-4BE2-9696-81F9005E4823}.Debug|Any CPU.Build.0 = Debug|Any CPU
		{AC15A3DD-EE75-4BE2-9696-81F9005E4823}.Release|Any CPU.ActiveCfg = Release|Any CPU
		{AC15A3DD-EE75-4BE2-9696-81F9005E4823}.Release|Any CPU.Build.0 = Release|Any CPU
		{84B26565-8EF9-4380-8B04-D6A645E1A686}.Debug|Any CPU.ActiveCfg = Debug|Any CPU
		{84B26565-8EF9-4380-8B04-D6A645E1A686}.Debug|Any CPU.Build.0 = Debug|Any CPU
		{84B26565-8EF9-4380-8B04-D6A645E1A686}.Release|Any CPU.ActiveCfg = Release|Any CPU
		{84B26565-8EF9-4380-8B04-D6A645E1A686}.Release|Any CPU.Build.0 = Release|Any CPU
	EndGlobalSection
	GlobalSection(SolutionProperties) = preSolution
		HideSolutionNode = FALSE
	EndGlobalSection
	GlobalSection(ExtensibilityGlobals) = postSolution
		SolutionGuid = {B941F8AF-0E97-4195-A107-B84E89A0660C}
	EndGlobalSection
EndGlobal
